
Microsoft Visual Studio Solution File, Format Version 12.00
# Visual Studio 2012
Project("{FAE04EC0-301F-11D3-BF4B-00C04F79EFBC}") = "HappyFace", "HappyFace\HappyFace.csproj", "{3C513BAC-B717-4646-A5E3-61E10E1CFD0A}"
EndProject
Project("{FAE04EC0-301F-11D3-BF4B-00C04F79EFBC}") = "HappyFace.Console", "HappyFace.Console\HappyFace.Console.csproj", "{DBDBCF9F-E7EF-493C-A2F5-F66531259B38}"
EndProject
Project("{2150E333-8FDC-42A3-9474-1A3956D46DE8}") = ".nuget", ".nuget", "{58CB21F1-76EB-4FAE-B2E7-F36B5C58BDFE}"
	ProjectSection(SolutionItems) = preProject
		.nuget\NuGet.Config = .nuget\NuGet.Config
		.nuget\NuGet.exe = .nuget\NuGet.exe
		.nuget\NuGet.targets = .nuget\NuGet.targets
	EndProjectSection
EndProject
Project("{FAE04EC0-301F-11D3-BF4B-00C04F79EFBC}") = "HappyFace.Store", "HappyFace.Store\HappyFace.Store.csproj", "{E2A74F99-E991-49A5-981A-723A88145D19}"
EndProject
Project("{FAE04EC0-301F-11D3-BF4B-00C04F79EFBC}") = "HappyFace.HtmlAgilityPack", "HappyFace.HtmlAgilityPack\HappyFace.HtmlAgilityPack.csproj", "{8E1B8833-C438-4964-A14B-E0CC7187927D}"
EndProject
Global
	GlobalSection(SolutionConfigurationPlatforms) = preSolution
		Debug|Any CPU = Debug|Any CPU
		Release|Any CPU = Release|Any CPU
	EndGlobalSection
	GlobalSection(ProjectConfigurationPlatforms) = postSolution
		{3C513BAC-B717-4646-A5E3-61E10E1CFD0A}.Debug|Any CPU.ActiveCfg = Debug|Any CPU
		{3C513BAC-B717-4646-A5E3-61E10E1CFD0A}.Debug|Any CPU.Build.0 = Debug|Any CPU
		{3C513BAC-B717-4646-A5E3-61E10E1CFD0A}.Release|Any CPU.ActiveCfg = Release|Any CPU
		{3C513BAC-B717-4646-A5E3-61E10E1CFD0A}.Release|Any CPU.Build.0 = Release|Any CPU
		{DBDBCF9F-E7EF-493C-A2F5-F66531259B38}.Debug|Any CPU.ActiveCfg = Debug|Any CPU
		{DBDBCF9F-E7EF-493C-A2F5-F66531259B38}.Debug|Any CPU.Build.0 = Debug|Any CPU
		{DBDBCF9F-E7EF-493C-A2F5-F66531259B38}.Release|Any CPU.ActiveCfg = Release|Any CPU
		{DBDBCF9F-E7EF-493C-A2F5-F66531259B38}.Release|Any CPU.Build.0 = Release|Any CPU
		{E2A74F99-E991-49A5-981A-723A88145D19}.Debug|Any CPU.ActiveCfg = Debug|Any CPU
		{E2A74F99-E991-49A5-981A-723A88145D19}.Debug|Any CPU.Build.0 = Debug|Any CPU
		{E2A74F99-E991-49A5-981A-723A88145D19}.Release|Any CPU.ActiveCfg = Release|Any CPU
		{E2A74F99-E991-49A5-981A-723A88145D19}.Release|Any CPU.Build.0 = Release|Any CPU
		{8E1B8833-C438-4964-A14B-E0CC7187927D}.Debug|Any CPU.ActiveCfg = Debug|Any CPU
		{8E1B8833-C438-4964-A14B-E0CC7187927D}.Debug|Any CPU.Build.0 = Debug|Any CPU
		{8E1B8833-C438-4964-A14B-E0CC7187927D}.Release|Any CPU.ActiveCfg = Release|Any CPU
		{8E1B8833-C438-4964-A14B-E0CC7187927D}.Release|Any CPU.Build.0 = Release|Any CPU
	EndGlobalSection
	GlobalSection(SolutionProperties) = preSolution
		HideSolutionNode = FALSE
	EndGlobalSection
	GlobalSection(Performance) = preSolution
		HasPerformanceSessions = true
	EndGlobalSection
EndGlobal
